{
  "name": "ngx-slide-to-confirm",
  "version": "1.0.3-0",
  "lockfileVersion": 2,
  "requires": true,
  "dependencies": {
    "@angular/cdk": {
      "version": "13.2.0",
      "resolved": "https://registry.npmjs.org/@angular/cdk/-/cdk-13.2.0.tgz",
      "integrity": "sha512-1fQyfr/KmcF8y/Xz789DN37XgjQPE4kAYjoh6GRd62yKDm/Ic9hKuoKfAthA1bQeskjTO1pb4sMOgum8B4iHeA==",
      "requires": {
        "parse5": "^5.0.0",
        "tslib": "^2.3.0"
      }
    }
  }
}
